
Microsoft Visual Studio Solution File, Format Version 12.00
# Visual Studio 15
VisualStudioVersion = 15.0.27102.0
MinimumVisualStudioVersion = 10.0.40219.1
Project("{2150E333-8FDC-42A3-9474-1A3956D46DE8}") = "src", "src", "{41A74D97-9A4E-47F2-BBEE-B76BFF6C3EA9}"
EndProject
Project("{2150E333-8FDC-42A3-9474-1A3956D46DE8}") = "Solution Items", "Solution Items", "{19E688FC-5CC8-4FE1-A2FB-9A3BB84A8116}"
EndProject
Project("{9A19103F-16F7-4668-BE54-9A1E7A4F7556}") = "BleBeaconServer", "src\BleBeaconServer\BleBeaconServer.csproj", "{BC07DCC7-B10D-44AB-BDDF-2ABAFF041F1D}"
EndProject
Project("{FAE04EC0-301F-11D3-BF4B-00C04F79EFBC}") = "BleBeaconDBLib", "BleBeaconDBLib\BleBeaconDBLib.csproj", "{A007C1F0-B547-4FBD-BDC0-1BAE3601524A}"
EndProject
Global
	GlobalSection(SolutionConfigurationPlatforms) = preSolution
		Debug|Any CPU = Debug|Any CPU
		Release|Any CPU = Release|Any CPU
	EndGlobalSection
	GlobalSection(ProjectConfigurationPlatforms) = postSolution
		{BC07DCC7-B10D-44AB-BDDF-2ABAFF041F1D}.Debug|Any CPU.ActiveCfg = Debug|Any CPU
		{BC07DCC7-B10D-44AB-BDDF-2ABAFF041F1D}.Debug|Any CPU.Build.0 = Debug|Any CPU
		{BC07DCC7-B10D-44AB-BDDF-2ABAFF041F1D}.Release|Any CPU.ActiveCfg = Release|Any CPU
		{BC07DCC7-B10D-44AB-BDDF-2ABAFF041F1D}.Release|Any CPU.Build.0 = Release|Any CPU
		{A007C1F0-B547-4FBD-BDC0-1BAE3601524A}.Debug|Any CPU.ActiveCfg = Debug|Any CPU
		{A007C1F0-B547-4FBD-BDC0-1BAE3601524A}.Debug|Any CPU.Build.0 = Debug|Any CPU
		{A007C1F0-B547-4FBD-BDC0-1BAE3601524A}.Release|Any CPU.ActiveCfg = Release|Any CPU
		{A007C1F0-B547-4FBD-BDC0-1BAE3601524A}.Release|Any CPU.Build.0 = Release|Any CPU
	EndGlobalSection
	GlobalSection(SolutionProperties) = preSolution
		HideSolutionNode = FALSE
	EndGlobalSection
	GlobalSection(NestedProjects) = preSolution
		{BC07DCC7-B10D-44AB-BDDF-2ABAFF041F1D} = {41A74D97-9A4E-47F2-BBEE-B76BFF6C3EA9}
	EndGlobalSection
	GlobalSection(ExtensibilityGlobals) = postSolution
		SolutionGuid = {98F16736-747B-4ED4-BD69-4B45FA80D0A0}
	EndGlobalSection
EndGlobal
